
Microsoft Visual Studio Solution File, Format Version 12.00
# Visual Studio Version 16
VisualStudioVersion = 16.0.28922.388
MinimumVisualStudioVersion = 10.0.40219.1
Project("{FAE04EC0-301F-11D3-BF4B-00C04F79EFBC}") = "Ozcan-4801BDA-LR6-1", "Ozcan-4801BDA-LR6-1.csproj", "{5B1AE534-F20E-4A52-9362-B5119425AACD}"
EndProject
Global
	GlobalSection(SolutionConfigurationPlatforms) = preSolution
		Debug|Any CPU = Debug|Any CPU
		Release|Any CPU = Release|Any CPU
	EndGlobalSection
	GlobalSection(ProjectConfigurationPlatforms) = postSolution
		{5B1AE534-F20E-4A52-9362-B5119425AACD}.Debug|Any CPU.ActiveCfg = Debug|Any CPU
		{5B1AE534-F20E-4A52-9362-B5119425AACD}.Debug|Any CPU.Build.0 = Debug|Any CPU
		{5B1AE534-F20E-4A52-9362-B5119425AACD}.Release|Any CPU.ActiveCfg = Release|Any CPU
		{5B1AE534-F20E-4A52-9362-B5119425AACD}.Release|Any CPU.Build.0 = Release|Any CPU
	EndGlobalSection
	GlobalSection(SolutionProperties) = preSolution
		HideSolutionNode = FALSE
	EndGlobalSection
	GlobalSection(ExtensibilityGlobals) = postSolution
		SolutionGuid = {34CFD77C-A16F-47BC-9FAE-954B0101B8DD}
	EndGlobalSection
EndGlobal
