
Microsoft Visual Studio Solution File, Format Version 12.00
# Visual Studio Version 16
VisualStudioVersion = 16.0.28922.388
MinimumVisualStudioVersion = 10.0.40219.1
Project("{FAE04EC0-301F-11D3-BF4B-00C04F79EFBC}") = "Ozcan-4801BDA-LR5-1", "Ozcan-4801BDA-LR5-1.csproj", "{2B2ABA7D-F0BF-44CA-BF38-F66492A9A31C}"
EndProject
Global
	GlobalSection(SolutionConfigurationPlatforms) = preSolution
		Debug|Any CPU = Debug|Any CPU
		Release|Any CPU = Release|Any CPU
	EndGlobalSection
	GlobalSection(ProjectConfigurationPlatforms) = postSolution
		{2B2ABA7D-F0BF-44CA-BF38-F66492A9A31C}.Debug|Any CPU.ActiveCfg = Debug|Any CPU
		{2B2ABA7D-F0BF-44CA-BF38-F66492A9A31C}.Debug|Any CPU.Build.0 = Debug|Any CPU
		{2B2ABA7D-F0BF-44CA-BF38-F66492A9A31C}.Release|Any CPU.ActiveCfg = Release|Any CPU
		{2B2ABA7D-F0BF-44CA-BF38-F66492A9A31C}.Release|Any CPU.Build.0 = Release|Any CPU
	EndGlobalSection
	GlobalSection(SolutionProperties) = preSolution
		HideSolutionNode = FALSE
	EndGlobalSection
	GlobalSection(ExtensibilityGlobals) = postSolution
		SolutionGuid = {97F9FC69-5920-46DC-9DBA-B9B1150E8B3E}
	EndGlobalSection
EndGlobal
